{
  "object": {
    "pins": [
      {
        "package": "CwlCatchException",
        "repositoryURL": "https://github.com/mattgallagher/CwlCatchException.git",
        "state": {
          "branch": null,
          "revision": "3b123999de19bf04905bc1dfdb76f817b0f2cc00",
          "version": "2.1.2"
        }
      },
      {
        "package": "CwlPreconditionTesting",
        "repositoryURL": "https://github.com/mattgallagher/CwlPreconditionTesting.git",
        "state": {
          "branch": null,
          "revision": "a23ded2c91df9156628a6996ab4f347526f17b6b",
          "version": "2.1.2"
        }
      },
      {
        "package": "iOSClientExposure",
        "repositoryURL": "https://github.com/EricssonBroadcastServices/iOSClientExposure",
        "state": {
          "branch": null,
          "revision": "291d8ed9c87c20588a7a6ac01489a961ea6447e0",
          "version": "3.8.0"
        }
      },
      {
        "package": "iOSClientPlayer",
        "repositoryURL": "https://github.com/EricssonBroadcastServices/iOSClientPlayer",
        "state": {
          "branch": null,
          "revision": "4d5ce4e35df75021c86fed4e275824beeb586c40",
          "version": "3.6.0"
        }
      },
      {
        "package": "Nimble",
        "repositoryURL": "https://github.com/Quick/Nimble.git",
        "state": {
          "branch": null,
          "revision": "c93f16c25af5770f0d3e6af27c9634640946b068",
          "version": "9.2.1"
        }
      },
      {
        "package": "Quick",
        "repositoryURL": "https://github.com/Quick/Quick.git",
        "state": {
          "branch": null,
          "revision": "bd86ca0141e3cfb333546de5a11ede63f0c4a0e6",
          "version": "4.0.0"
        }
      }
    ]
  },
  "version": 1
}
