// !$*UTF8*$!
{
	archiveVersion = 1;
	classes = {
	};
	objectVersion = 48;
	objects = {

/* Begin PBXBuildFile section */
		7624D5FA20344BE300CD1835 /* ChannelSource+SeekToLive.swift in Sources */ = {isa = PBXBuildFile; fileRef = 7624D5F920344BE300CD1835 /* ChannelSource+SeekToLive.swift */; };
		7635AEBF2029AF94001512BF /* Int64+Extensions.swift in Sources */ = {isa = PBXBuildFile; fileRef = 7635AEBE2029AF94001512BF /* Int64+Extensions.swift */; };
		7635AEC3202ADF6E001512BF /* HLSNative+ExposureContext+Entitlements.swift in Sources */ = {isa = PBXBuildFile; fileRef = 7635AEC2202ADF6E001512BF /* HLSNative+ExposureContext+Entitlements.swift */; };
		7635AEC5202ADFDE001512BF /* CMTime+Extensions.swift in Sources */ = {isa = PBXBuildFile; fileRef = 7635AEC4202ADFDE001512BF /* CMTime+Extensions.swift */; };
		7635AEC7202AE07E001512BF /* ContextGoLive.swift in Sources */ = {isa = PBXBuildFile; fileRef = 7635AEC6202AE07E001512BF /* ContextGoLive.swift */; };
		7635AEC9202AE0A2001512BF /* ContextTimeSeekable.swift in Sources */ = {isa = PBXBuildFile; fileRef = 7635AEC8202AE0A2001512BF /* ContextTimeSeekable.swift */; };
		7635AECB202AE0B2001512BF /* ContextPositionSeekable.swift in Sources */ = {isa = PBXBuildFile; fileRef = 7635AECA202AE0B2001512BF /* ContextPositionSeekable.swift */; };
		7635AECD202AE0D2001512BF /* ContextStartTime.swift in Sources */ = {isa = PBXBuildFile; fileRef = 7635AECC202AE0D2001512BF /* ContextStartTime.swift */; };
		7636CA9E2031DB9A00F914D1 /* ServerTime+Extensions.swift in Sources */ = {isa = PBXBuildFile; fileRef = 7636CA9D2031DB9A00F914D1 /* ServerTime+Extensions.swift */; };
		7636CAA12032E5E200F914D1 /* ProgramSource+DynamicManifest+SeekToTime.swift in Sources */ = {isa = PBXBuildFile; fileRef = 7636CAA02032E5E200F914D1 /* ProgramSource+DynamicManifest+SeekToTime.swift */; };
		7636CAA32032E5F200F914D1 /* SeekToTimeProvider.swift in Sources */ = {isa = PBXBuildFile; fileRef = 7636CAA22032E5F200F914D1 /* SeekToTimeProvider.swift */; };
		7636CAA52032E61500F914D1 /* SeekToTimeEnv.swift in Sources */ = {isa = PBXBuildFile; fileRef = 7636CAA42032E61500F914D1 /* SeekToTimeEnv.swift */; };
		7636CAA72032E63E00F914D1 /* Date+Extensions.swift in Sources */ = {isa = PBXBuildFile; fileRef = 7636CAA62032E63E00F914D1 /* Date+Extensions.swift */; };
		76A89C05202072D100C23579 /* ExposurePlayback.framework in Frameworks */ = {isa = PBXBuildFile; fileRef = 76A89BFB202072D100C23579 /* ExposurePlayback.framework */; };
		76A89C0C202072D100C23579 /* ExposurePlayback.h in Headers */ = {isa = PBXBuildFile; fileRef = 76A89BFE202072D100C23579 /* ExposurePlayback.h */; settings = {ATTRIBUTES = (Public, ); }; };
		76A89C2B20207A1600C23579 /* simple-player.md in Resources */ = {isa = PBXBuildFile; fileRef = 76A89C2A20207A1600C23579 /* simple-player.md */; };
		76A89C4620207AB200C23579 /* HLSNative+ExposureContext+Creation.swift in Sources */ = {isa = PBXBuildFile; fileRef = 76A89C2E20207AB100C23579 /* HLSNative+ExposureContext+Creation.swift */; };
		76A89C4720207AB200C23579 /* HLSNative+ExposureContext+Playback.swift in Sources */ = {isa = PBXBuildFile; fileRef = 76A89C2F20207AB100C23579 /* HLSNative+ExposureContext+Playback.swift */; };
		76A89C4820207AB200C23579 /* HLSNative+ExposureContext+Program.swift in Sources */ = {isa = PBXBuildFile; fileRef = 76A89C3020207AB100C23579 /* HLSNative+ExposureContext+Program.swift */; };
		76A89C4920207AB200C23579 /* HLSNative+ExposureContext+Seek.swift in Sources */ = {isa = PBXBuildFile; fileRef = 76A89C3120207AB100C23579 /* HLSNative+ExposureContext+Seek.swift */; };
		76A89C4A20207AB200C23579 /* HLSNative+ExposureContext+ServerTime.swift in Sources */ = {isa = PBXBuildFile; fileRef = 76A89C3220207AB100C23579 /* HLSNative+ExposureContext+ServerTime.swift */; };
		76A89C4B20207AB200C23579 /* HLSNative+ExposureContext+Timeshift.swift in Sources */ = {isa = PBXBuildFile; fileRef = 76A89C3320207AB100C23579 /* HLSNative+ExposureContext+Timeshift.swift */; };
		76A89C4C20207AB200C23579 /* HLSNative+HeartbeatsProvider.swift in Sources */ = {isa = PBXBuildFile; fileRef = 76A89C3420207AB100C23579 /* HLSNative+HeartbeatsProvider.swift */; };
		76A89C4D20207AB200C23579 /* ExposureContext.swift in Sources */ = {isa = PBXBuildFile; fileRef = 76A89C3520207AB100C23579 /* ExposureContext.swift */; };
		76A89C4E20207AB200C23579 /* ExposureStreamFairplayRequester.swift in Sources */ = {isa = PBXBuildFile; fileRef = 76A89C3620207AB100C23579 /* ExposureStreamFairplayRequester.swift */; };
		76A89C4F20207AB200C23579 /* AssetPlayable.swift in Sources */ = {isa = PBXBuildFile; fileRef = 76A89C3820207AB100C23579 /* AssetPlayable.swift */; };
		76A89C5020207AB200C23579 /* ChannelPlayable.swift in Sources */ = {isa = PBXBuildFile; fileRef = 76A89C3920207AB100C23579 /* ChannelPlayable.swift */; };
		76A89C5120207AB200C23579 /* ProgramPlayable.swift in Sources */ = {isa = PBXBuildFile; fileRef = 76A89C3A20207AB100C23579 /* ProgramPlayable.swift */; };
		76A89C5220207AB200C23579 /* PlaybackProperties.swift in Sources */ = {isa = PBXBuildFile; fileRef = 76A89C3B20207AB100C23579 /* PlaybackProperties.swift */; };
		76A89C5320207AB200C23579 /* AssetSource.swift in Sources */ = {isa = PBXBuildFile; fileRef = 76A89C3D20207AB100C23579 /* AssetSource.swift */; };
		76A89C5420207AB200C23579 /* ChannelSource.swift in Sources */ = {isa = PBXBuildFile; fileRef = 76A89C3E20207AB100C23579 /* ChannelSource.swift */; };
		76A89C5520207AB200C23579 /* ExposureSource.swift in Sources */ = {isa = PBXBuildFile; fileRef = 76A89C3F20207AB100C23579 /* ExposureSource.swift */; };
		76A89C5620207AB200C23579 /* ProgramSource.swift in Sources */ = {isa = PBXBuildFile; fileRef = 76A89C4020207AB100C23579 /* ProgramSource.swift */; };
		76A89C5720207AB200C23579 /* ContractRestrictionsService.swift in Sources */ = {isa = PBXBuildFile; fileRef = 76A89C4220207AB100C23579 /* ContractRestrictionsService.swift */; };
		76A89C5820207AB200C23579 /* MonotonicTimeService.swift in Sources */ = {isa = PBXBuildFile; fileRef = 76A89C4320207AB100C23579 /* MonotonicTimeService.swift */; };
		76A89C5920207AB200C23579 /* ProgramService.swift in Sources */ = {isa = PBXBuildFile; fileRef = 76A89C4420207AB100C23579 /* ProgramService.swift */; };
		76A89C5A20207AB200C23579 /* ServerTimeProvider.swift in Sources */ = {isa = PBXBuildFile; fileRef = 76A89C4520207AB100C23579 /* ServerTimeProvider.swift */; };
		76A89C6220207B2400C23579 /* ExposureFairplayRequester.swift in Sources */ = {isa = PBXBuildFile; fileRef = 76A89C5D20207B2400C23579 /* ExposureFairplayRequester.swift */; };
		76A89C6320207B2400C23579 /* ExposureStreamingAnalyticsProvider.swift in Sources */ = {isa = PBXBuildFile; fileRef = 76A89C5E20207B2400C23579 /* ExposureStreamingAnalyticsProvider.swift */; };
		76A89C6520207B2400C23579 /* Playable.swift in Sources */ = {isa = PBXBuildFile; fileRef = 76A89C6020207B2400C23579 /* Playable.swift */; };
		76A89C902020808900C23579 /* Exposure.framework in Frameworks */ = {isa = PBXBuildFile; fileRef = 76A89C932020808900C23579 /* Exposure.framework */; };
		76A89C912020808900C23579 /* Player.framework in Frameworks */ = {isa = PBXBuildFile; fileRef = 76A89C942020808900C23579 /* Player.framework */; };
		76A89CF62020958000C23579 /* MonotonicTimeServiceSpec.swift in Sources */ = {isa = PBXBuildFile; fileRef = 76A89CF32020958000C23579 /* MonotonicTimeServiceSpec.swift */; };
		76A89CF72020958000C23579 /* ProgramServiceSpec.swift in Sources */ = {isa = PBXBuildFile; fileRef = 76A89CF42020958000C23579 /* ProgramServiceSpec.swift */; };
		76A89CF82020958000C23579 /* ContractRestrictionsServiceSpec.swift in Sources */ = {isa = PBXBuildFile; fileRef = 76A89CF52020958000C23579 /* ContractRestrictionsServiceSpec.swift */; };
		76A89CF9202098CA00C23579 /* Exposure.framework in Frameworks */ = {isa = PBXBuildFile; fileRef = 76A89CFE202098CA00C23579 /* Exposure.framework */; };
		76A89CFA202098CA00C23579 /* Mockingjay.framework in Frameworks */ = {isa = PBXBuildFile; fileRef = 76A89CFF202098CA00C23579 /* Mockingjay.framework */; };
		76A89CFB202098CA00C23579 /* Nimble.framework in Frameworks */ = {isa = PBXBuildFile; fileRef = 76A89D00202098CA00C23579 /* Nimble.framework */; };
		76A89CFC202098CA00C23579 /* Player.framework in Frameworks */ = {isa = PBXBuildFile; fileRef = 76A89D01202098CA00C23579 /* Player.framework */; };
		76A89CFD202098CA00C23579 /* Quick.framework in Frameworks */ = {isa = PBXBuildFile; fileRef = 76A89D02202098CA00C23579 /* Quick.framework */; };
		76A89D0420209A2700C23579 /* JsonDecoding.swift in Sources */ = {isa = PBXBuildFile; fileRef = 76A89D0320209A2700C23579 /* JsonDecoding.swift */; };
		76A89D0920209E7400C23579 /* AssetSourceSpec+StartTime.swift in Sources */ = {isa = PBXBuildFile; fileRef = 76A89D0620209E7400C23579 /* AssetSourceSpec+StartTime.swift */; };
		76A89D0A20209E7400C23579 /* ChannelSourceSpec+StartTime.swift in Sources */ = {isa = PBXBuildFile; fileRef = 76A89D0720209E7400C23579 /* ChannelSourceSpec+StartTime.swift */; };
		76A89D0B20209E7400C23579 /* ProgramSource+StartTime.swift in Sources */ = {isa = PBXBuildFile; fileRef = 76A89D0820209E7400C23579 /* ProgramSource+StartTime.swift */; };
		76A89D662020F36400C23579 /* UIDevice+Extensions.swift in Sources */ = {isa = PBXBuildFile; fileRef = 76A89D642020F36400C23579 /* UIDevice+Extensions.swift */; };
		76A89D682020F3CF00C23579 /* ExposureAnalytics.swift in Sources */ = {isa = PBXBuildFile; fileRef = 76A89D672020F3CF00C23579 /* ExposureAnalytics.swift */; };
		76A89D862020F41F00C23579 /* Aborted.swift in Sources */ = {isa = PBXBuildFile; fileRef = 76A89D6A2020F41F00C23579 /* Aborted.swift */; };
		76A89D882020F41F00C23579 /* AssetIdentifier.swift in Sources */ = {isa = PBXBuildFile; fileRef = 76A89D6C2020F41F00C23579 /* AssetIdentifier.swift */; };
		76A89D892020F41F00C23579 /* BitrateChanged.swift in Sources */ = {isa = PBXBuildFile; fileRef = 76A89D6D2020F41F00C23579 /* BitrateChanged.swift */; };
		76A89D8A2020F41F00C23579 /* BufferingStarted.swift in Sources */ = {isa = PBXBuildFile; fileRef = 76A89D6E2020F41F00C23579 /* BufferingStarted.swift */; };
		76A89D8B2020F41F00C23579 /* BufferingStopped.swift in Sources */ = {isa = PBXBuildFile; fileRef = 76A89D6F2020F41F00C23579 /* BufferingStopped.swift */; };
		76A89D8C2020F41F00C23579 /* Completed.swift in Sources */ = {isa = PBXBuildFile; fileRef = 76A89D702020F41F00C23579 /* Completed.swift */; };
		76A89D8D2020F41F00C23579 /* Created.swift in Sources */ = {isa = PBXBuildFile; fileRef = 76A89D712020F41F00C23579 /* Created.swift */; };
		76A89D8E2020F41F00C23579 /* DeviceInfo.swift in Sources */ = {isa = PBXBuildFile; fileRef = 76A89D722020F41F00C23579 /* DeviceInfo.swift */; };
		76A89D952020F41F00C23579 /* Error.swift in Sources */ = {isa = PBXBuildFile; fileRef = 76A89D792020F41F00C23579 /* Error.swift */; };
		76A89D962020F41F00C23579 /* HandshakeStarted.swift in Sources */ = {isa = PBXBuildFile; fileRef = 76A89D7A2020F41F00C23579 /* HandshakeStarted.swift */; };
		76A89D972020F41F00C23579 /* Heartbeat.swift in Sources */ = {isa = PBXBuildFile; fileRef = 76A89D7B2020F41F00C23579 /* Heartbeat.swift */; };
		76A89D982020F41F00C23579 /* InitCompleted.swift in Sources */ = {isa = PBXBuildFile; fileRef = 76A89D7C2020F41F00C23579 /* InitCompleted.swift */; };
		76A89D992020F41F00C23579 /* Paused.swift in Sources */ = {isa = PBXBuildFile; fileRef = 76A89D7D2020F41F00C23579 /* Paused.swift */; };
		76A89D9A2020F41F00C23579 /* Playback.swift in Sources */ = {isa = PBXBuildFile; fileRef = 76A89D7E2020F41F00C23579 /* Playback.swift */; };
		76A89D9B2020F41F00C23579 /* PlaybackOffset.swift in Sources */ = {isa = PBXBuildFile; fileRef = 76A89D7F2020F41F00C23579 /* PlaybackOffset.swift */; };
		76A89D9C2020F41F00C23579 /* PlayReady.swift in Sources */ = {isa = PBXBuildFile; fileRef = 76A89D802020F41F00C23579 /* PlayReady.swift */; };
		76A89D9D2020F41F00C23579 /* ProgramChanged.swift in Sources */ = {isa = PBXBuildFile; fileRef = 76A89D812020F41F00C23579 /* ProgramChanged.swift */; };
		76A89D9E2020F41F00C23579 /* Resumed.swift in Sources */ = {isa = PBXBuildFile; fileRef = 76A89D822020F41F00C23579 /* Resumed.swift */; };
		76A89D9F2020F41F00C23579 /* ScrubbedTo.swift in Sources */ = {isa = PBXBuildFile; fileRef = 76A89D832020F41F00C23579 /* ScrubbedTo.swift */; };
		76A89DA02020F41F00C23579 /* StartCasting.swift in Sources */ = {isa = PBXBuildFile; fileRef = 76A89D842020F41F00C23579 /* StartCasting.swift */; };
		76A89DA12020F41F00C23579 /* Started.swift in Sources */ = {isa = PBXBuildFile; fileRef = 76A89D852020F41F00C23579 /* Started.swift */; };
		76A89DA32020F9A300C23579 /* ExposureContext+Error.swift in Sources */ = {isa = PBXBuildFile; fileRef = 76A89DA22020F9A300C23579 /* ExposureContext+Error.swift */; };
		76A89DA52020F9E800C23579 /* ExposureContext+Warning.swift in Sources */ = {isa = PBXBuildFile; fileRef = 76A89DA42020F9E800C23579 /* ExposureContext+Warning.swift */; };
		76A89DE32021CCC000C23579 /* AbortedSpec.swift in Sources */ = {isa = PBXBuildFile; fileRef = 76A89DCB2021CCC000C23579 /* AbortedSpec.swift */; };
		76A89DE42021CCC000C23579 /* BitrateChangedSpec.swift in Sources */ = {isa = PBXBuildFile; fileRef = 76A89DCC2021CCC000C23579 /* BitrateChangedSpec.swift */; };
		76A89DE52021CCC000C23579 /* BufferingStartedSpec.swift in Sources */ = {isa = PBXBuildFile; fileRef = 76A89DCD2021CCC000C23579 /* BufferingStartedSpec.swift */; };
		76A89DE62021CCC000C23579 /* BufferingStoppedSpec.swift in Sources */ = {isa = PBXBuildFile; fileRef = 76A89DCE2021CCC000C23579 /* BufferingStoppedSpec.swift */; };
		76A89DE72021CCC000C23579 /* CompletedSpec.swift in Sources */ = {isa = PBXBuildFile; fileRef = 76A89DCF2021CCC000C23579 /* CompletedSpec.swift */; };
		76A89DE82021CCC000C23579 /* CreatedSpec.swift in Sources */ = {isa = PBXBuildFile; fileRef = 76A89DD02021CCC000C23579 /* CreatedSpec.swift */; };
		76A89DE92021CCC000C23579 /* DeviceInfoSpec.swift in Sources */ = {isa = PBXBuildFile; fileRef = 76A89DD12021CCC000C23579 /* DeviceInfoSpec.swift */; };
		76A89DF02021CCC000C23579 /* ErrorSpec.swift in Sources */ = {isa = PBXBuildFile; fileRef = 76A89DD82021CCC000C23579 /* ErrorSpec.swift */; };
		76A89DF12021CCC000C23579 /* HandshakeStartedSpec.swift in Sources */ = {isa = PBXBuildFile; fileRef = 76A89DD92021CCC000C23579 /* HandshakeStartedSpec.swift */; };
		76A89DF22021CCC000C23579 /* HeartbeatSpec.swift in Sources */ = {isa = PBXBuildFile; fileRef = 76A89DDA2021CCC000C23579 /* HeartbeatSpec.swift */; };
		76A89DF32021CCC000C23579 /* InitCompletedSpec.swift in Sources */ = {isa = PBXBuildFile; fileRef = 76A89DDB2021CCC000C23579 /* InitCompletedSpec.swift */; };
		76A89DF42021CCC000C23579 /* PausedSpec.swift in Sources */ = {isa = PBXBuildFile; fileRef = 76A89DDC2021CCC000C23579 /* PausedSpec.swift */; };
		76A89DF52021CCC000C23579 /* PlayReadySpec.swift in Sources */ = {isa = PBXBuildFile; fileRef = 76A89DDD2021CCC000C23579 /* PlayReadySpec.swift */; };
		76A89DF62021CCC000C23579 /* ProgramChangedSpec.swift in Sources */ = {isa = PBXBuildFile; fileRef = 76A89DDE2021CCC000C23579 /* ProgramChangedSpec.swift */; };
		76A89DF72021CCC000C23579 /* ResumedSpec.swift in Sources */ = {isa = PBXBuildFile; fileRef = 76A89DDF2021CCC000C23579 /* ResumedSpec.swift */; };
		76A89DF82021CCC000C23579 /* ScrubbedToSpec.swift in Sources */ = {isa = PBXBuildFile; fileRef = 76A89DE02021CCC000C23579 /* ScrubbedToSpec.swift */; };
		76A89DF92021CCC000C23579 /* StartCastingSpec.swift in Sources */ = {isa = PBXBuildFile; fileRef = 76A89DE12021CCC000C23579 /* StartCastingSpec.swift */; };
		76A89DFA2021CCC000C23579 /* StartedSpec.swift in Sources */ = {isa = PBXBuildFile; fileRef = 76A89DE22021CCC000C23579 /* StartedSpec.swift */; };
		76B2F6A520343BE400183842 /* ProgramSource+DynamicManifest+SeekToLive.swift in Sources */ = {isa = PBXBuildFile; fileRef = 76B2F6A420343BE400183842 /* ProgramSource+DynamicManifest+SeekToLive.swift */; };
		76CD5AF0202DA57000941ABC /* AssetPlayableSpec.swift in Sources */ = {isa = PBXBuildFile; fileRef = 76CD5AEF202DA57000941ABC /* AssetPlayableSpec.swift */; };
		76CD5AF2202DBD4F00941ABC /* ChannelPlayableSpec.swift in Sources */ = {isa = PBXBuildFile; fileRef = 76CD5AF1202DBD4F00941ABC /* ChannelPlayableSpec.swift */; };
		76CD5AF4202DBF2300941ABC /* ProgramPlayableSpec.swift in Sources */ = {isa = PBXBuildFile; fileRef = 76CD5AF3202DBF2300941ABC /* ProgramPlayableSpec.swift */; };
		76D38E6820334420000400A8 /* ProgramSource+StaticManifest+SeekToLive.swift in Sources */ = {isa = PBXBuildFile; fileRef = 76D38E6720334420000400A8 /* ProgramSource+StaticManifest+SeekToLive.swift */; };
		76D5C9DC202DC9490056BFF8 /* ChannelSource+SeekToTime.swift in Sources */ = {isa = PBXBuildFile; fileRef = 76D5C9DB202DC9490056BFF8 /* ChannelSource+SeekToTime.swift */; };
		76D5C9DE20304C1E0056BFF8 /* MockedAVPlayer.swift in Sources */ = {isa = PBXBuildFile; fileRef = 76D5C9DD20304C1E0056BFF8 /* MockedAVPlayer.swift */; };
		76D5C9E020304EBA0056BFF8 /* PlaybackEntitlement+Extensions.swift in Sources */ = {isa = PBXBuildFile; fileRef = 76D5C9DF20304EBA0056BFF8 /* PlaybackEntitlement+Extensions.swift */; };
		76D5C9E22030559D0056BFF8 /* Program+Extensions.swift in Sources */ = {isa = PBXBuildFile; fileRef = 76D5C9E12030559D0056BFF8 /* Program+Extensions.swift */; };
		76D5C9E4203199DF0056BFF8 /* EntitlementValidation+Extensions.swift in Sources */ = {isa = PBXBuildFile; fileRef = 76D5C9E3203199DF0056BFF8 /* EntitlementValidation+Extensions.swift */; };
		76DE495B2033041B006801B4 /* MockedExposureAnalytics.swift in Sources */ = {isa = PBXBuildFile; fileRef = 76DE495A2033041B006801B4 /* MockedExposureAnalytics.swift */; };
		76DE495D20331616006801B4 /* ProgramSource+StaticManifest+SeekToTime.swift in Sources */ = {isa = PBXBuildFile; fileRef = 76DE495C20331616006801B4 /* ProgramSource+StaticManifest+SeekToTime.swift */; };
/* End PBXBuildFile section */

/* Begin PBXContainerItemProxy section */
		76A89C06202072D100C23579 /* PBXContainerItemProxy */ = {
			isa = PBXContainerItemProxy;
			containerPortal = 76A89BF2202072D100C23579 /* Project object */;
			proxyType = 1;
			remoteGlobalIDString = 76A89BFA202072D100C23579;
			remoteInfo = ExposurePlayback;
		};
/* End PBXContainerItemProxy section */

/* Begin PBXFileReference section */
		7624D5F920344BE300CD1835 /* ChannelSource+SeekToLive.swift */ = {isa = PBXFileReference; lastKnownFileType = sourcecode.swift; path = "ChannelSource+SeekToLive.swift"; sourceTree = "<group>"; };
		7635AEBE2029AF94001512BF /* Int64+Extensions.swift */ = {isa = PBXFileReference; lastKnownFileType = sourcecode.swift; path = "Int64+Extensions.swift"; sourceTree = "<group>"; };
		7635AEC2202ADF6E001512BF /* HLSNative+ExposureContext+Entitlements.swift */ = {isa = PBXFileReference; lastKnownFileType = sourcecode.swift; path = "HLSNative+ExposureContext+Entitlements.swift"; sourceTree = "<group>"; };
		7635AEC4202ADFDE001512BF /* CMTime+Extensions.swift */ = {isa = PBXFileReference; lastKnownFileType = sourcecode.swift; path = "CMTime+Extensions.swift"; sourceTree = "<group>"; };
		7635AEC6202AE07E001512BF /* ContextGoLive.swift */ = {isa = PBXFileReference; lastKnownFileType = sourcecode.swift; path = ContextGoLive.swift; sourceTree = "<group>"; };
		7635AEC8202AE0A2001512BF /* ContextTimeSeekable.swift */ = {isa = PBXFileReference; lastKnownFileType = sourcecode.swift; path = ContextTimeSeekable.swift; sourceTree = "<group>"; };
		7635AECA202AE0B2001512BF /* ContextPositionSeekable.swift */ = {isa = PBXFileReference; lastKnownFileType = sourcecode.swift; path = ContextPositionSeekable.swift; sourceTree = "<group>"; };
		7635AECC202AE0D2001512BF /* ContextStartTime.swift */ = {isa = PBXFileReference; lastKnownFileType = sourcecode.swift; path = ContextStartTime.swift; sourceTree = "<group>"; };
		7636CA9D2031DB9A00F914D1 /* ServerTime+Extensions.swift */ = {isa = PBXFileReference; lastKnownFileType = sourcecode.swift; path = "ServerTime+Extensions.swift"; sourceTree = "<group>"; };
		7636CAA02032E5E200F914D1 /* ProgramSource+DynamicManifest+SeekToTime.swift */ = {isa = PBXFileReference; lastKnownFileType = sourcecode.swift; path = "ProgramSource+DynamicManifest+SeekToTime.swift"; sourceTree = "<group>"; };
		7636CAA22032E5F200F914D1 /* SeekToTimeProvider.swift */ = {isa = PBXFileReference; lastKnownFileType = sourcecode.swift; path = SeekToTimeProvider.swift; sourceTree = "<group>"; };
		7636CAA42032E61500F914D1 /* SeekToTimeEnv.swift */ = {isa = PBXFileReference; lastKnownFileType = sourcecode.swift; path = SeekToTimeEnv.swift; sourceTree = "<group>"; };
		7636CAA62032E63E00F914D1 /* Date+Extensions.swift */ = {isa = PBXFileReference; lastKnownFileType = sourcecode.swift; path = "Date+Extensions.swift"; sourceTree = "<group>"; };
		76A89BFB202072D100C23579 /* ExposurePlayback.framework */ = {isa = PBXFileReference; explicitFileType = wrapper.framework; includeInIndex = 0; path = ExposurePlayback.framework; sourceTree = BUILT_PRODUCTS_DIR; };
		76A89BFE202072D100C23579 /* ExposurePlayback.h */ = {isa = PBXFileReference; lastKnownFileType = sourcecode.c.h; path = ExposurePlayback.h; sourceTree = "<group>"; };
		76A89BFF202072D100C23579 /* Info.plist */ = {isa = PBXFileReference; lastKnownFileType = text.plist.xml; path = Info.plist; sourceTree = "<group>"; };
		76A89C04202072D100C23579 /* ExposurePlaybackTests.xctest */ = {isa = PBXFileReference; explicitFileType = wrapper.cfbundle; includeInIndex = 0; path = ExposurePlaybackTests.xctest; sourceTree = BUILT_PRODUCTS_DIR; };
		76A89C0B202072D100C23579 /* Info.plist */ = {isa = PBXFileReference; lastKnownFileType = text.plist.xml; path = Info.plist; sourceTree = "<group>"; };
		76A89C152020730B00C23579 /* LICENSE */ = {isa = PBXFileReference; fileEncoding = 4; lastKnownFileType = text; path = LICENSE; sourceTree = SOURCE_ROOT; };
		76A89C162020730B00C23579 /* README.md */ = {isa = PBXFileReference; fileEncoding = 4; lastKnownFileType = net.daringfireball.markdown; path = README.md; sourceTree = SOURCE_ROOT; };
		76A89C172020730B00C23579 /* CHANGELOG.md */ = {isa = PBXFileReference; fileEncoding = 4; lastKnownFileType = net.daringfireball.markdown; path = CHANGELOG.md; sourceTree = SOURCE_ROOT; };
		76A89C182020730B00C23579 /* UPGRADE_GUIDE.md */ = {isa = PBXFileReference; fileEncoding = 4; lastKnownFileType = net.daringfireball.markdown; path = UPGRADE_GUIDE.md; sourceTree = SOURCE_ROOT; };
		76A89C1E2020731300C23579 /* .env */ = {isa = PBXFileReference; fileEncoding = 4; lastKnownFileType = text; path = .env; sourceTree = "<group>"; };
		76A89C202020731300C23579 /* update_dependency_graph.rb */ = {isa = PBXFileReference; fileEncoding = 4; lastKnownFileType = text.script.ruby; path = update_dependency_graph.rb; sourceTree = "<group>"; };
		76A89C212020731300C23579 /* Appfile */ = {isa = PBXFileReference; fileEncoding = 4; lastKnownFileType = text; path = Appfile; sourceTree = "<group>"; };
		76A89C222020731300C23579 /* Fastfile */ = {isa = PBXFileReference; fileEncoding = 4; lastKnownFileType = text; path = Fastfile; sourceTree = "<group>"; xcLanguageSpecificationIdentifier = xcode.lang.ruby; };
		76A89C27202073D300C23579 /* Cartfile */ = {isa = PBXFileReference; fileEncoding = 4; lastKnownFileType = text; path = Cartfile; sourceTree = SOURCE_ROOT; };
		76A89C2A20207A1600C23579 /* simple-player.md */ = {isa = PBXFileReference; fileEncoding = 4; lastKnownFileType = net.daringfireball.markdown; path = "simple-player.md"; sourceTree = "<group>"; };
		76A89C2E20207AB100C23579 /* HLSNative+ExposureContext+Creation.swift */ = {isa = PBXFileReference; fileEncoding = 4; lastKnownFileType = sourcecode.swift; path = "HLSNative+ExposureContext+Creation.swift"; sourceTree = "<group>"; };
		76A89C2F20207AB100C23579 /* HLSNative+ExposureContext+Playback.swift */ = {isa = PBXFileReference; fileEncoding = 4; lastKnownFileType = sourcecode.swift; path = "HLSNative+ExposureContext+Playback.swift"; sourceTree = "<group>"; };
		76A89C3020207AB100C23579 /* HLSNative+ExposureContext+Program.swift */ = {isa = PBXFileReference; fileEncoding = 4; lastKnownFileType = sourcecode.swift; path = "HLSNative+ExposureContext+Program.swift"; sourceTree = "<group>"; };
		76A89C3120207AB100C23579 /* HLSNative+ExposureContext+Seek.swift */ = {isa = PBXFileReference; fileEncoding = 4; lastKnownFileType = sourcecode.swift; path = "HLSNative+ExposureContext+Seek.swift"; sourceTree = "<group>"; };
		76A89C3220207AB100C23579 /* HLSNative+ExposureContext+ServerTime.swift */ = {isa = PBXFileReference; fileEncoding = 4; lastKnownFileType = sourcecode.swift; path = "HLSNative+ExposureContext+ServerTime.swift"; sourceTree = "<group>"; };
		76A89C3320207AB100C23579 /* HLSNative+ExposureContext+Timeshift.swift */ = {isa = PBXFileReference; fileEncoding = 4; lastKnownFileType = sourcecode.swift; path = "HLSNative+ExposureContext+Timeshift.swift"; sourceTree = "<group>"; };
		76A89C3420207AB100C23579 /* HLSNative+HeartbeatsProvider.swift */ = {isa = PBXFileReference; fileEncoding = 4; lastKnownFileType = sourcecode.swift; path = "HLSNative+HeartbeatsProvider.swift"; sourceTree = "<group>"; };
		76A89C3520207AB100C23579 /* ExposureContext.swift */ = {isa = PBXFileReference; fileEncoding = 4; lastKnownFileType = sourcecode.swift; path = ExposureContext.swift; sourceTree = "<group>"; };
		76A89C3620207AB100C23579 /* ExposureStreamFairplayRequester.swift */ = {isa = PBXFileReference; fileEncoding = 4; lastKnownFileType = sourcecode.swift; path = ExposureStreamFairplayRequester.swift; sourceTree = "<group>"; };
		76A89C3820207AB100C23579 /* AssetPlayable.swift */ = {isa = PBXFileReference; fileEncoding = 4; lastKnownFileType = sourcecode.swift; path = AssetPlayable.swift; sourceTree = "<group>"; };
		76A89C3920207AB100C23579 /* ChannelPlayable.swift */ = {isa = PBXFileReference; fileEncoding = 4; lastKnownFileType = sourcecode.swift; path = ChannelPlayable.swift; sourceTree = "<group>"; };
		76A89C3A20207AB100C23579 /* ProgramPlayable.swift */ = {isa = PBXFileReference; fileEncoding = 4; lastKnownFileType = sourcecode.swift; path = ProgramPlayable.swift; sourceTree = "<group>"; };
		76A89C3B20207AB100C23579 /* PlaybackProperties.swift */ = {isa = PBXFileReference; fileEncoding = 4; lastKnownFileType = sourcecode.swift; path = PlaybackProperties.swift; sourceTree = "<group>"; };
		76A89C3D20207AB100C23579 /* AssetSource.swift */ = {isa = PBXFileReference; fileEncoding = 4; lastKnownFileType = sourcecode.swift; path = AssetSource.swift; sourceTree = "<group>"; };
		76A89C3E20207AB100C23579 /* ChannelSource.swift */ = {isa = PBXFileReference; fileEncoding = 4; lastKnownFileType = sourcecode.swift; path = ChannelSource.swift; sourceTree = "<group>"; };
		76A89C3F20207AB100C23579 /* ExposureSource.swift */ = {isa = PBXFileReference; fileEncoding = 4; lastKnownFileType = sourcecode.swift; path = ExposureSource.swift; sourceTree = "<group>"; };
		76A89C4020207AB100C23579 /* ProgramSource.swift */ = {isa = PBXFileReference; fileEncoding = 4; lastKnownFileType = sourcecode.swift; path = ProgramSource.swift; sourceTree = "<group>"; };
		76A89C4220207AB100C23579 /* ContractRestrictionsService.swift */ = {isa = PBXFileReference; fileEncoding = 4; lastKnownFileType = sourcecode.swift; path = ContractRestrictionsService.swift; sourceTree = "<group>"; };
		76A89C4320207AB100C23579 /* MonotonicTimeService.swift */ = {isa = PBXFileReference; fileEncoding = 4; lastKnownFileType = sourcecode.swift; path = MonotonicTimeService.swift; sourceTree = "<group>"; };
		76A89C4420207AB100C23579 /* ProgramService.swift */ = {isa = PBXFileReference; fileEncoding = 4; lastKnownFileType = sourcecode.swift; path = ProgramService.swift; sourceTree = "<group>"; };
		76A89C4520207AB100C23579 /* ServerTimeProvider.swift */ = {isa = PBXFileReference; fileEncoding = 4; lastKnownFileType = sourcecode.swift; path = ServerTimeProvider.swift; sourceTree = "<group>"; };
		76A89C5D20207B2400C23579 /* ExposureFairplayRequester.swift */ = {isa = PBXFileReference; fileEncoding = 4; lastKnownFileType = sourcecode.swift; path = ExposureFairplayRequester.swift; sourceTree = "<group>"; };
		76A89C5E20207B2400C23579 /* ExposureStreamingAnalyticsProvider.swift */ = {isa = PBXFileReference; fileEncoding = 4; lastKnownFileType = sourcecode.swift; path = ExposureStreamingAnalyticsProvider.swift; sourceTree = "<group>"; };
		76A89C6020207B2400C23579 /* Playable.swift */ = {isa = PBXFileReference; fileEncoding = 4; lastKnownFileType = sourcecode.swift; path = Playable.swift; sourceTree = "<group>"; };
		76A89C922020808900C23579 /* Alamofire.framework */ = {isa = PBXFileReference; explicitFileType = wrapper.framework; path = Alamofire.framework; sourceTree = BUILT_PRODUCTS_DIR; };
		76A89C932020808900C23579 /* Exposure.framework */ = {isa = PBXFileReference; explicitFileType = wrapper.framework; path = Exposure.framework; sourceTree = BUILT_PRODUCTS_DIR; };
		76A89C942020808900C23579 /* Player.framework */ = {isa = PBXFileReference; explicitFileType = wrapper.framework; path = Player.framework; sourceTree = BUILT_PRODUCTS_DIR; };
		76A89CF32020958000C23579 /* MonotonicTimeServiceSpec.swift */ = {isa = PBXFileReference; fileEncoding = 4; lastKnownFileType = sourcecode.swift; path = MonotonicTimeServiceSpec.swift; sourceTree = "<group>"; };
		76A89CF42020958000C23579 /* ProgramServiceSpec.swift */ = {isa = PBXFileReference; fileEncoding = 4; lastKnownFileType = sourcecode.swift; path = ProgramServiceSpec.swift; sourceTree = "<group>"; };
		76A89CF52020958000C23579 /* ContractRestrictionsServiceSpec.swift */ = {isa = PBXFileReference; fileEncoding = 4; lastKnownFileType = sourcecode.swift; path = ContractRestrictionsServiceSpec.swift; sourceTree = "<group>"; };
		76A89CFE202098CA00C23579 /* Exposure.framework */ = {isa = PBXFileReference; explicitFileType = wrapper.framework; path = Exposure.framework; sourceTree = BUILT_PRODUCTS_DIR; };
		76A89CFF202098CA00C23579 /* Mockingjay.framework */ = {isa = PBXFileReference; explicitFileType = wrapper.framework; path = Mockingjay.framework; sourceTree = BUILT_PRODUCTS_DIR; };
		76A89D00202098CA00C23579 /* Nimble.framework */ = {isa = PBXFileReference; explicitFileType = wrapper.framework; path = Nimble.framework; sourceTree = BUILT_PRODUCTS_DIR; };
		76A89D01202098CA00C23579 /* Player.framework */ = {isa = PBXFileReference; explicitFileType = wrapper.framework; path = Player.framework; sourceTree = BUILT_PRODUCTS_DIR; };
		76A89D02202098CA00C23579 /* Quick.framework */ = {isa = PBXFileReference; explicitFileType = wrapper.framework; path = Quick.framework; sourceTree = BUILT_PRODUCTS_DIR; };
		76A89D0320209A2700C23579 /* JsonDecoding.swift */ = {isa = PBXFileReference; lastKnownFileType = sourcecode.swift; path = JsonDecoding.swift; sourceTree = "<group>"; };
		76A89D0620209E7400C23579 /* AssetSourceSpec+StartTime.swift */ = {isa = PBXFileReference; fileEncoding = 4; lastKnownFileType = sourcecode.swift; path = "AssetSourceSpec+StartTime.swift"; sourceTree = "<group>"; };
		76A89D0720209E7400C23579 /* ChannelSourceSpec+StartTime.swift */ = {isa = PBXFileReference; fileEncoding = 4; lastKnownFileType = sourcecode.swift; path = "ChannelSourceSpec+StartTime.swift"; sourceTree = "<group>"; };
		76A89D0820209E7400C23579 /* ProgramSource+StartTime.swift */ = {isa = PBXFileReference; fileEncoding = 4; lastKnownFileType = sourcecode.swift; path = "ProgramSource+StartTime.swift"; sourceTree = "<group>"; };
		76A89D642020F36400C23579 /* UIDevice+Extensions.swift */ = {isa = PBXFileReference; fileEncoding = 4; lastKnownFileType = sourcecode.swift; path = "UIDevice+Extensions.swift"; sourceTree = "<group>"; };
		76A89D672020F3CF00C23579 /* ExposureAnalytics.swift */ = {isa = PBXFileReference; fileEncoding = 4; lastKnownFileType = sourcecode.swift; path = ExposureAnalytics.swift; sourceTree = "<group>"; };
		76A89D6A2020F41F00C23579 /* Aborted.swift */ = {isa = PBXFileReference; fileEncoding = 4; lastKnownFileType = sourcecode.swift; path = Aborted.swift; sourceTree = "<group>"; };
		76A89D6C2020F41F00C23579 /* AssetIdentifier.swift */ = {isa = PBXFileReference; fileEncoding = 4; lastKnownFileType = sourcecode.swift; path = AssetIdentifier.swift; sourceTree = "<group>"; };
		76A89D6D2020F41F00C23579 /* BitrateChanged.swift */ = {isa = PBXFileReference; fileEncoding = 4; lastKnownFileType = sourcecode.swift; path = BitrateChanged.swift; sourceTree = "<group>"; };
		76A89D6E2020F41F00C23579 /* BufferingStarted.swift */ = {isa = PBXFileReference; fileEncoding = 4; lastKnownFileType = sourcecode.swift; path = BufferingStarted.swift; sourceTree = "<group>"; };
		76A89D6F2020F41F00C23579 /* BufferingStopped.swift */ = {isa = PBXFileReference; fileEncoding = 4; lastKnownFileType = sourcecode.swift; path = BufferingStopped.swift; sourceTree = "<group>"; };
		76A89D702020F41F00C23579 /* Completed.swift */ = {isa = PBXFileReference; fileEncoding = 4; lastKnownFileType = sourcecode.swift; path = Completed.swift; sourceTree = "<group>"; };
		76A89D712020F41F00C23579 /* Created.swift */ = {isa = PBXFileReference; fileEncoding = 4; lastKnownFileType = sourcecode.swift; path = Created.swift; sourceTree = "<group>"; };
		76A89D722020F41F00C23579 /* DeviceInfo.swift */ = {isa = PBXFileReference; fileEncoding = 4; lastKnownFileType = sourcecode.swift; path = DeviceInfo.swift; sourceTree = "<group>"; };
		76A89D792020F41F00C23579 /* Error.swift */ = {isa = PBXFileReference; fileEncoding = 4; lastKnownFileType = sourcecode.swift; path = Error.swift; sourceTree = "<group>"; };
		76A89D7A2020F41F00C23579 /* HandshakeStarted.swift */ = {isa = PBXFileReference; fileEncoding = 4; lastKnownFileType = sourcecode.swift; path = HandshakeStarted.swift; sourceTree = "<group>"; };
		76A89D7B2020F41F00C23579 /* Heartbeat.swift */ = {isa = PBXFileReference; fileEncoding = 4; lastKnownFileType = sourcecode.swift; path = Heartbeat.swift; sourceTree = "<group>"; };
		76A89D7C2020F41F00C23579 /* InitCompleted.swift */ = {isa = PBXFileReference; fileEncoding = 4; lastKnownFileType = sourcecode.swift; path = InitCompleted.swift; sourceTree = "<group>"; };
		76A89D7D2020F41F00C23579 /* Paused.swift */ = {isa = PBXFileReference; fileEncoding = 4; lastKnownFileType = sourcecode.swift; path = Paused.swift; sourceTree = "<group>"; };
		76A89D7E2020F41F00C23579 /* Playback.swift */ = {isa = PBXFileReference; fileEncoding = 4; lastKnownFileType = sourcecode.swift; path = Playback.swift; sourceTree = "<group>"; };
		76A89D7F2020F41F00C23579 /* PlaybackOffset.swift */ = {isa = PBXFileReference; fileEncoding = 4; lastKnownFileType = sourcecode.swift; path = PlaybackOffset.swift; sourceTree = "<group>"; };
		76A89D802020F41F00C23579 /* PlayReady.swift */ = {isa = PBXFileReference; fileEncoding = 4; lastKnownFileType = sourcecode.swift; path = PlayReady.swift; sourceTree = "<group>"; };
		76A89D812020F41F00C23579 /* ProgramChanged.swift */ = {isa = PBXFileReference; fileEncoding = 4; lastKnownFileType = sourcecode.swift; path = ProgramChanged.swift; sourceTree = "<group>"; };
		76A89D822020F41F00C23579 /* Resumed.swift */ = {isa = PBXFileReference; fileEncoding = 4; lastKnownFileType = sourcecode.swift; path = Resumed.swift; sourceTree = "<group>"; };
		76A89D832020F41F00C23579 /* ScrubbedTo.swift */ = {isa = PBXFileReference; fileEncoding = 4; lastKnownFileType = sourcecode.swift; path = ScrubbedTo.swift; sourceTree = "<group>"; };
		76A89D842020F41F00C23579 /* StartCasting.swift */ = {isa = PBXFileReference; fileEncoding = 4; lastKnownFileType = sourcecode.swift; path = StartCasting.swift; sourceTree = "<group>"; };
		76A89D852020F41F00C23579 /* Started.swift */ = {isa = PBXFileReference; fileEncoding = 4; lastKnownFileType = sourcecode.swift; path = Started.swift; sourceTree = "<group>"; };
		76A89DA22020F9A300C23579 /* ExposureContext+Error.swift */ = {isa = PBXFileReference; lastKnownFileType = sourcecode.swift; path = "ExposureContext+Error.swift"; sourceTree = "<group>"; };
		76A89DA42020F9E800C23579 /* ExposureContext+Warning.swift */ = {isa = PBXFileReference; lastKnownFileType = sourcecode.swift; path = "ExposureContext+Warning.swift"; sourceTree = "<group>"; };
		76A89DCB2021CCC000C23579 /* AbortedSpec.swift */ = {isa = PBXFileReference; fileEncoding = 4; lastKnownFileType = sourcecode.swift; path = AbortedSpec.swift; sourceTree = "<group>"; };
		76A89DCC2021CCC000C23579 /* BitrateChangedSpec.swift */ = {isa = PBXFileReference; fileEncoding = 4; lastKnownFileType = sourcecode.swift; path = BitrateChangedSpec.swift; sourceTree = "<group>"; };
		76A89DCD2021CCC000C23579 /* BufferingStartedSpec.swift */ = {isa = PBXFileReference; fileEncoding = 4; lastKnownFileType = sourcecode.swift; path = BufferingStartedSpec.swift; sourceTree = "<group>"; };
		76A89DCE2021CCC000C23579 /* BufferingStoppedSpec.swift */ = {isa = PBXFileReference; fileEncoding = 4; lastKnownFileType = sourcecode.swift; path = BufferingStoppedSpec.swift; sourceTree = "<group>"; };
		76A89DCF2021CCC000C23579 /* CompletedSpec.swift */ = {isa = PBXFileReference; fileEncoding = 4; lastKnownFileType = sourcecode.swift; path = CompletedSpec.swift; sourceTree = "<group>"; };
		76A89DD02021CCC000C23579 /* CreatedSpec.swift */ = {isa = PBXFileReference; fileEncoding = 4; lastKnownFileType = sourcecode.swift; path = CreatedSpec.swift; sourceTree = "<group>"; };
		76A89DD12021CCC000C23579 /* DeviceInfoSpec.swift */ = {isa = PBXFileReference; fileEncoding = 4; lastKnownFileType = sourcecode.swift; path = DeviceInfoSpec.swift; sourceTree = "<group>"; };
		76A89DD82021CCC000C23579 /* ErrorSpec.swift */ = {isa = PBXFileReference; fileEncoding = 4; lastKnownFileType = sourcecode.swift; path = ErrorSpec.swift; sourceTree = "<group>"; };
		76A89DD92021CCC000C23579 /* HandshakeStartedSpec.swift */ = {isa = PBXFileReference; fileEncoding = 4; lastKnownFileType = sourcecode.swift; path = HandshakeStartedSpec.swift; sourceTree = "<group>"; };
		76A89DDA2021CCC000C23579 /* HeartbeatSpec.swift */ = {isa = PBXFileReference; fileEncoding = 4; lastKnownFileType = sourcecode.swift; path = HeartbeatSpec.swift; sourceTree = "<group>"; };
		76A89DDB2021CCC000C23579 /* InitCompletedSpec.swift */ = {isa = PBXFileReference; fileEncoding = 4; lastKnownFileType = sourcecode.swift; path = InitCompletedSpec.swift; sourceTree = "<group>"; };
		76A89DDC2021CCC000C23579 /* PausedSpec.swift */ = {isa = PBXFileReference; fileEncoding = 4; lastKnownFileType = sourcecode.swift; path = PausedSpec.swift; sourceTree = "<group>"; };
		76A89DDD2021CCC000C23579 /* PlayReadySpec.swift */ = {isa = PBXFileReference; fileEncoding = 4; lastKnownFileType = sourcecode.swift; path = PlayReadySpec.swift; sourceTree = "<group>"; };
		76A89DDE2021CCC000C23579 /* ProgramChangedSpec.swift */ = {isa = PBXFileReference; fileEncoding = 4; lastKnownFileType = sourcecode.swift; path = ProgramChangedSpec.swift; sourceTree = "<group>"; };
		76A89DDF2021CCC000C23579 /* ResumedSpec.swift */ = {isa = PBXFileReference; fileEncoding = 4; lastKnownFileType = sourcecode.swift; path = ResumedSpec.swift; sourceTree = "<group>"; };
		76A89DE02021CCC000C23579 /* ScrubbedToSpec.swift */ = {isa = PBXFileReference; fileEncoding = 4; lastKnownFileType = sourcecode.swift; path = ScrubbedToSpec.swift; sourceTree = "<group>"; };
		76A89DE12021CCC000C23579 /* StartCastingSpec.swift */ = {isa = PBXFileReference; fileEncoding = 4; lastKnownFileType = sourcecode.swift; path = StartCastingSpec.swift; sourceTree = "<group>"; };
		76A89DE22021CCC000C23579 /* StartedSpec.swift */ = {isa = PBXFileReference; fileEncoding = 4; lastKnownFileType = sourcecode.swift; path = StartedSpec.swift; sourceTree = "<group>"; };
		76B2F6A420343BE400183842 /* ProgramSource+DynamicManifest+SeekToLive.swift */ = {isa = PBXFileReference; lastKnownFileType = sourcecode.swift; path = "ProgramSource+DynamicManifest+SeekToLive.swift"; sourceTree = "<group>"; };
		76CD5AEF202DA57000941ABC /* AssetPlayableSpec.swift */ = {isa = PBXFileReference; lastKnownFileType = sourcecode.swift; path = AssetPlayableSpec.swift; sourceTree = "<group>"; };
		76CD5AF1202DBD4F00941ABC /* ChannelPlayableSpec.swift */ = {isa = PBXFileReference; lastKnownFileType = sourcecode.swift; path = ChannelPlayableSpec.swift; sourceTree = "<group>"; };
		76CD5AF3202DBF2300941ABC /* ProgramPlayableSpec.swift */ = {isa = PBXFileReference; lastKnownFileType = sourcecode.swift; path = ProgramPlayableSpec.swift; sourceTree = "<group>"; };
		76D38E6720334420000400A8 /* ProgramSource+StaticManifest+SeekToLive.swift */ = {isa = PBXFileReference; lastKnownFileType = sourcecode.swift; path = "ProgramSource+StaticManifest+SeekToLive.swift"; sourceTree = "<group>"; };
		76D5C9DB202DC9490056BFF8 /* ChannelSource+SeekToTime.swift */ = {isa = PBXFileReference; lastKnownFileType = sourcecode.swift; path = "ChannelSource+SeekToTime.swift"; sourceTree = "<group>"; };
		76D5C9DD20304C1E0056BFF8 /* MockedAVPlayer.swift */ = {isa = PBXFileReference; lastKnownFileType = sourcecode.swift; path = MockedAVPlayer.swift; sourceTree = "<group>"; };
		76D5C9DF20304EBA0056BFF8 /* PlaybackEntitlement+Extensions.swift */ = {isa = PBXFileReference; lastKnownFileType = sourcecode.swift; path = "PlaybackEntitlement+Extensions.swift"; sourceTree = "<group>"; };
		76D5C9E12030559D0056BFF8 /* Program+Extensions.swift */ = {isa = PBXFileReference; lastKnownFileType = sourcecode.swift; path = "Program+Extensions.swift"; sourceTree = "<group>"; };
		76D5C9E3203199DF0056BFF8 /* EntitlementValidation+Extensions.swift */ = {isa = PBXFileReference; lastKnownFileType = sourcecode.swift; path = "EntitlementValidation+Extensions.swift"; sourceTree = "<group>"; };
		76DE495A2033041B006801B4 /* MockedExposureAnalytics.swift */ = {isa = PBXFileReference; lastKnownFileType = sourcecode.swift; path = MockedExposureAnalytics.swift; sourceTree = "<group>"; };
		76DE495C20331616006801B4 /* ProgramSource+StaticManifest+SeekToTime.swift */ = {isa = PBXFileReference; lastKnownFileType = sourcecode.swift; path = "ProgramSource+StaticManifest+SeekToTime.swift"; sourceTree = "<group>"; };
/* End PBXFileReference section */

/* Begin PBXFrameworksBuildPhase section */
		76A89BF7202072D100C23579 /* Frameworks */ = {
			isa = PBXFrameworksBuildPhase;
			buildActionMask = 2147483647;
			files = (
				76A89C902020808900C23579 /* Exposure.framework in Frameworks */,
				76A89C912020808900C23579 /* Player.framework in Frameworks */,
			);
			runOnlyForDeploymentPostprocessing = 0;
		};
		76A89C01202072D100C23579 /* Frameworks */ = {
			isa = PBXFrameworksBuildPhase;
			buildActionMask = 2147483647;
			files = (
				76A89CF9202098CA00C23579 /* Exposure.framework in Frameworks */,
				76A89CFA202098CA00C23579 /* Mockingjay.framework in Frameworks */,
				76A89CFB202098CA00C23579 /* Nimble.framework in Frameworks */,
				76A89CFC202098CA00C23579 /* Player.framework in Frameworks */,
				76A89CFD202098CA00C23579 /* Quick.framework in Frameworks */,
				76A89C05202072D100C23579 /* ExposurePlayback.framework in Frameworks */,
			);
			runOnlyForDeploymentPostprocessing = 0;
		};
/* End PBXFrameworksBuildPhase section */

/* Begin PBXGroup section */
		7636CA9F2032E5A000F914D1 /* SeekToTime */ = {
			isa = PBXGroup;
			children = (
				76D5C9DB202DC9490056BFF8 /* ChannelSource+SeekToTime.swift */,
				7636CAA02032E5E200F914D1 /* ProgramSource+DynamicManifest+SeekToTime.swift */,
				76DE495C20331616006801B4 /* ProgramSource+StaticManifest+SeekToTime.swift */,
				7636CAA22032E5F200F914D1 /* SeekToTimeProvider.swift */,
				7636CAA42032E61500F914D1 /* SeekToTimeEnv.swift */,
			);
			path = SeekToTime;
			sourceTree = "<group>";
		};
		76A89BF1202072D100C23579 = {
			isa = PBXGroup;
			children = (
				76A89BFD202072D100C23579 /* ExposurePlayback */,
				76A89C08202072D100C23579 /* ExposurePlaybackTests */,
				76A89BFC202072D100C23579 /* Products */,
				76A89C8E2020808900C23579 /* Frameworks */,
			);
			sourceTree = "<group>";
		};
		76A89BFC202072D100C23579 /* Products */ = {
			isa = PBXGroup;
			children = (
				76A89BFB202072D100C23579 /* ExposurePlayback.framework */,
				76A89C04202072D100C23579 /* ExposurePlaybackTests.xctest */,
			);
			name = Products;
			sourceTree = "<group>";
		};
		76A89BFD202072D100C23579 /* ExposurePlayback */ = {
			isa = PBXGroup;
			children = (
				76A89C172020730B00C23579 /* CHANGELOG.md */,
				76A89C152020730B00C23579 /* LICENSE */,
				76A89C162020730B00C23579 /* README.md */,
				76A89C182020730B00C23579 /* UPGRADE_GUIDE.md */,
				76A89C2920207A1600C23579 /* Documentation */,
				76A89C1D2020731300C23579 /* fastlane */,
				76A89C27202073D300C23579 /* Cartfile */,
				76A89BFE202072D100C23579 /* ExposurePlayback.h */,
				76A89BFF202072D100C23579 /* Info.plist */,
				76A89D622020F36400C23579 /* Extensions */,
				76A89C5B20207B2400C23579 /* Protocols */,
				76A89C2C20207AB100C23579 /* Context */,
				76A89C4120207AB100C23579 /* Services */,
				76A89D692020F41F00C23579 /* Events */,
			);
			path = ExposurePlayback;
			sourceTree = "<group>";
		};
		76A89C08202072D100C23579 /* ExposurePlaybackTests */ = {
			isa = PBXGroup;
			children = (
				76A89CF52020958000C23579 /* ContractRestrictionsServiceSpec.swift */,
				76A89CF32020958000C23579 /* MonotonicTimeServiceSpec.swift */,
				76A89CF42020958000C23579 /* ProgramServiceSpec.swift */,
				76B2F6A320343BC500183842 /* SeekToLive */,
				7636CA9F2032E5A000F914D1 /* SeekToTime */,
				76CD5AF5202DC6A300941ABC /* Playable */,
				76A89DCA2021CCC000C23579 /* Event Tests */,
				76A89D0520209E7400C23579 /* StartTime */,
				76A89C0B202072D100C23579 /* Info.plist */,
				76A89D0320209A2700C23579 /* JsonDecoding.swift */,
				76D5C9DD20304C1E0056BFF8 /* MockedAVPlayer.swift */,
				76D5C9DF20304EBA0056BFF8 /* PlaybackEntitlement+Extensions.swift */,
				76D5C9E12030559D0056BFF8 /* Program+Extensions.swift */,
				76D5C9E3203199DF0056BFF8 /* EntitlementValidation+Extensions.swift */,
				7636CA9D2031DB9A00F914D1 /* ServerTime+Extensions.swift */,
				7636CAA62032E63E00F914D1 /* Date+Extensions.swift */,
				76DE495A2033041B006801B4 /* MockedExposureAnalytics.swift */,
			);
			path = ExposurePlaybackTests;
			sourceTree = "<group>";
		};
		76A89C1D2020731300C23579 /* fastlane */ = {
			isa = PBXGroup;
			children = (
				76A89C1E2020731300C23579 /* .env */,
				76A89C1F2020731300C23579 /* actions */,
				76A89C212020731300C23579 /* Appfile */,
				76A89C222020731300C23579 /* Fastfile */,
			);
			path = fastlane;
			sourceTree = SOURCE_ROOT;
		};
		76A89C1F2020731300C23579 /* actions */ = {
			isa = PBXGroup;
			children = (
				76A89C202020731300C23579 /* update_dependency_graph.rb */,
			);
			path = actions;
			sourceTree = "<group>";
		};
		76A89C2920207A1600C23579 /* Documentation */ = {
			isa = PBXGroup;
			children = (
				76A89C2A20207A1600C23579 /* simple-player.md */,
			);
			path = Documentation;
			sourceTree = SOURCE_ROOT;
		};
		76A89C2C20207AB100C23579 /* Context */ = {
			isa = PBXGroup;
			children = (
				76A89C3520207AB100C23579 /* ExposureContext.swift */,
				76A89C3620207AB100C23579 /* ExposureStreamFairplayRequester.swift */,
				76A89C3B20207AB100C23579 /* PlaybackProperties.swift */,
				76A89DA22020F9A300C23579 /* ExposureContext+Error.swift */,
				76A89DA42020F9E800C23579 /* ExposureContext+Warning.swift */,
				76A89C2D20207AB100C23579 /* Components */,
				76A89C3C20207AB100C23579 /* Source */,
				76A89C3720207AB100C23579 /* Playable */,
			);
			path = Context;
			sourceTree = "<group>";
		};
		76A89C2D20207AB100C23579 /* Components */ = {
			isa = PBXGroup;
			children = (
				76A89C2E20207AB100C23579 /* HLSNative+ExposureContext+Creation.swift */,
				76A89C2F20207AB100C23579 /* HLSNative+ExposureContext+Playback.swift */,
				76A89C3020207AB100C23579 /* HLSNative+ExposureContext+Program.swift */,
				76A89C3120207AB100C23579 /* HLSNative+ExposureContext+Seek.swift */,
				76A89C3220207AB100C23579 /* HLSNative+ExposureContext+ServerTime.swift */,
				76A89C3320207AB100C23579 /* HLSNative+ExposureContext+Timeshift.swift */,
				76A89C3420207AB100C23579 /* HLSNative+HeartbeatsProvider.swift */,
				7635AEC2202ADF6E001512BF /* HLSNative+ExposureContext+Entitlements.swift */,
			);
			path = Components;
			sourceTree = "<group>";
		};
		76A89C3720207AB100C23579 /* Playable */ = {
			isa = PBXGroup;
			children = (
				76A89C3820207AB100C23579 /* AssetPlayable.swift */,
				76A89C3920207AB100C23579 /* ChannelPlayable.swift */,
				76A89C3A20207AB100C23579 /* ProgramPlayable.swift */,
			);
			path = Playable;
			sourceTree = "<group>";
		};
		76A89C3C20207AB100C23579 /* Source */ = {
			isa = PBXGroup;
			children = (
				76A89C3F20207AB100C23579 /* ExposureSource.swift */,
				76A89C3D20207AB100C23579 /* AssetSource.swift */,
				76A89C3E20207AB100C23579 /* ChannelSource.swift */,
				76A89C4020207AB100C23579 /* ProgramSource.swift */,
			);
			path = Source;
			sourceTree = "<group>";
		};
		76A89C4120207AB100C23579 /* Services */ = {
			isa = PBXGroup;
			children = (
				76A89C4220207AB100C23579 /* ContractRestrictionsService.swift */,
				76A89D672020F3CF00C23579 /* ExposureAnalytics.swift */,
				76A89C4320207AB100C23579 /* MonotonicTimeService.swift */,
				76A89C4420207AB100C23579 /* ProgramService.swift */,
				76A89C4520207AB100C23579 /* ServerTimeProvider.swift */,
			);
			path = Services;
			sourceTree = "<group>";
		};
		76A89C5B20207B2400C23579 /* Protocols */ = {
			isa = PBXGroup;
			children = (
				76A89C5D20207B2400C23579 /* ExposureFairplayRequester.swift */,
				76A89C5E20207B2400C23579 /* ExposureStreamingAnalyticsProvider.swift */,
				76A89C6020207B2400C23579 /* Playable.swift */,
				7635AEC6202AE07E001512BF /* ContextGoLive.swift */,
				7635AEC8202AE0A2001512BF /* ContextTimeSeekable.swift */,
				7635AECA202AE0B2001512BF /* ContextPositionSeekable.swift */,
				7635AECC202AE0D2001512BF /* ContextStartTime.swift */,
			);
			path = Protocols;
			sourceTree = "<group>";
		};
		76A89C8E2020808900C23579 /* Frameworks */ = {
			isa = PBXGroup;
			children = (
				76A89CFE202098CA00C23579 /* Exposure.framework */,
				76A89CFF202098CA00C23579 /* Mockingjay.framework */,
				76A89D00202098CA00C23579 /* Nimble.framework */,
				76A89D01202098CA00C23579 /* Player.framework */,
				76A89D02202098CA00C23579 /* Quick.framework */,
				76A89C922020808900C23579 /* Alamofire.framework */,
				76A89C932020808900C23579 /* Exposure.framework */,
				76A89C942020808900C23579 /* Player.framework */,
			);
			name = Frameworks;
			sourceTree = "<group>";
		};
		76A89D0520209E7400C23579 /* StartTime */ = {
			isa = PBXGroup;
			children = (
				76A89D0620209E7400C23579 /* AssetSourceSpec+StartTime.swift */,
				76A89D0720209E7400C23579 /* ChannelSourceSpec+StartTime.swift */,
				76A89D0820209E7400C23579 /* ProgramSource+StartTime.swift */,
			);
			path = StartTime;
			sourceTree = "<group>";
		};
		76A89D622020F36400C23579 /* Extensions */ = {
			isa = PBXGroup;
			children = (
				76A89D642020F36400C23579 /* UIDevice+Extensions.swift */,
				7635AEBE2029AF94001512BF /* Int64+Extensions.swift */,
				7635AEC4202ADFDE001512BF /* CMTime+Extensions.swift */,
			);
			path = Extensions;
			sourceTree = "<group>";
		};
		76A89D692020F41F00C23579 /* Events */ = {
			isa = PBXGroup;
			children = (
				76A89D6A2020F41F00C23579 /* Aborted.swift */,
				76A89D6C2020F41F00C23579 /* AssetIdentifier.swift */,
				76A89D6D2020F41F00C23579 /* BitrateChanged.swift */,
				76A89D6E2020F41F00C23579 /* BufferingStarted.swift */,
				76A89D6F2020F41F00C23579 /* BufferingStopped.swift */,
				76A89D702020F41F00C23579 /* Completed.swift */,
				76A89D712020F41F00C23579 /* Created.swift */,
				76A89D722020F41F00C23579 /* DeviceInfo.swift */,
				76A89D792020F41F00C23579 /* Error.swift */,
				76A89D7A2020F41F00C23579 /* HandshakeStarted.swift */,
				76A89D7B2020F41F00C23579 /* Heartbeat.swift */,
				76A89D7C2020F41F00C23579 /* InitCompleted.swift */,
				76A89D7D2020F41F00C23579 /* Paused.swift */,
				76A89D7E2020F41F00C23579 /* Playback.swift */,
				76A89D7F2020F41F00C23579 /* PlaybackOffset.swift */,
				76A89D802020F41F00C23579 /* PlayReady.swift */,
				76A89D812020F41F00C23579 /* ProgramChanged.swift */,
				76A89D822020F41F00C23579 /* Resumed.swift */,
				76A89D832020F41F00C23579 /* ScrubbedTo.swift */,
				76A89D842020F41F00C23579 /* StartCasting.swift */,
				76A89D852020F41F00C23579 /* Started.swift */,
			);
			path = Events;
			sourceTree = "<group>";
		};
		76A89DCA2021CCC000C23579 /* Event Tests */ = {
			isa = PBXGroup;
			children = (
				76A89DCB2021CCC000C23579 /* AbortedSpec.swift */,
				76A89DCC2021CCC000C23579 /* BitrateChangedSpec.swift */,
				76A89DCD2021CCC000C23579 /* BufferingStartedSpec.swift */,
				76A89DCE2021CCC000C23579 /* BufferingStoppedSpec.swift */,
				76A89DCF2021CCC000C23579 /* CompletedSpec.swift */,
				76A89DD02021CCC000C23579 /* CreatedSpec.swift */,
				76A89DD12021CCC000C23579 /* DeviceInfoSpec.swift */,
				76A89DD82021CCC000C23579 /* ErrorSpec.swift */,
				76A89DD92021CCC000C23579 /* HandshakeStartedSpec.swift */,
				76A89DDA2021CCC000C23579 /* HeartbeatSpec.swift */,
				76A89DDB2021CCC000C23579 /* InitCompletedSpec.swift */,
				76A89DDC2021CCC000C23579 /* PausedSpec.swift */,
				76A89DDD2021CCC000C23579 /* PlayReadySpec.swift */,
				76A89DDE2021CCC000C23579 /* ProgramChangedSpec.swift */,
				76A89DDF2021CCC000C23579 /* ResumedSpec.swift */,
				76A89DE02021CCC000C23579 /* ScrubbedToSpec.swift */,
				76A89DE12021CCC000C23579 /* StartCastingSpec.swift */,
				76A89DE22021CCC000C23579 /* StartedSpec.swift */,
			);
			path = "Event Tests";
			sourceTree = "<group>";
		};
		76B2F6A320343BC500183842 /* SeekToLive */ = {
			isa = PBXGroup;
			children = (
				76D38E6720334420000400A8 /* ProgramSource+StaticManifest+SeekToLive.swift */,
				76B2F6A420343BE400183842 /* ProgramSource+DynamicManifest+SeekToLive.swift */,
				7624D5F920344BE300CD1835 /* ChannelSource+SeekToLive.swift */,
			);
			path = SeekToLive;
			sourceTree = "<group>";
		};
		76CD5AF5202DC6A300941ABC /* Playable */ = {
			isa = PBXGroup;
			children = (
				76CD5AEF202DA57000941ABC /* AssetPlayableSpec.swift */,
				76CD5AF1202DBD4F00941ABC /* ChannelPlayableSpec.swift */,
				76CD5AF3202DBF2300941ABC /* ProgramPlayableSpec.swift */,
			);
			path = Playable;
			sourceTree = "<group>";
		};
/* End PBXGroup section */

/* Begin PBXHeadersBuildPhase section */
		76A89BF8202072D100C23579 /* Headers */ = {
			isa = PBXHeadersBuildPhase;
			buildActionMask = 2147483647;
			files = (
				76A89C0C202072D100C23579 /* ExposurePlayback.h in Headers */,
			);
			runOnlyForDeploymentPostprocessing = 0;
		};
/* End PBXHeadersBuildPhase section */

/* Begin PBXNativeTarget section */
		76A89BFA202072D100C23579 /* ExposurePlayback */ = {
			isa = PBXNativeTarget;
			buildConfigurationList = 76A89C0F202072D100C23579 /* Build configuration list for PBXNativeTarget "ExposurePlayback" */;
			buildPhases = (
				76A89BF6202072D100C23579 /* Sources */,
				76A89BF7202072D100C23579 /* Frameworks */,
				76A89BF8202072D100C23579 /* Headers */,
				76A89BF9202072D100C23579 /* Resources */,
			);
			buildRules = (
			);
			dependencies = (
			);
			name = ExposurePlayback;
			productName = ExposurePlayback;
			productReference = 76A89BFB202072D100C23579 /* ExposurePlayback.framework */;
			productType = "com.apple.product-type.framework";
		};
		76A89C03202072D100C23579 /* ExposurePlaybackTests */ = {
			isa = PBXNativeTarget;
			buildConfigurationList = 76A89C12202072D100C23579 /* Build configuration list for PBXNativeTarget "ExposurePlaybackTests" */;
			buildPhases = (
				76A89C00202072D100C23579 /* Sources */,
				76A89C01202072D100C23579 /* Frameworks */,
				76A89C02202072D100C23579 /* Resources */,
			);
			buildRules = (
			);
			dependencies = (
				76A89C07202072D100C23579 /* PBXTargetDependency */,
			);
			name = ExposurePlaybackTests;
			productName = ExposurePlaybackTests;
			productReference = 76A89C04202072D100C23579 /* ExposurePlaybackTests.xctest */;
			productType = "com.apple.product-type.bundle.unit-test";
		};
/* End PBXNativeTarget section */

/* Begin PBXProject section */
		76A89BF2202072D100C23579 /* Project object */ = {
			isa = PBXProject;
			attributes = {
				LastSwiftUpdateCheck = 0920;
				LastUpgradeCheck = 0920;
				ORGANIZATIONNAME = emp;
				TargetAttributes = {
					76A89BFA202072D100C23579 = {
						CreatedOnToolsVersion = 9.2;
						ProvisioningStyle = Automatic;
					};
					76A89C03202072D100C23579 = {
						CreatedOnToolsVersion = 9.2;
						LastSwiftMigration = 0920;
						ProvisioningStyle = Automatic;
					};
				};
			};
			buildConfigurationList = 76A89BF5202072D100C23579 /* Build configuration list for PBXProject "ExposurePlayback" */;
			compatibilityVersion = "Xcode 8.0";
			developmentRegion = en;
			hasScannedForEncodings = 0;
			knownRegions = (
				en,
			);
			mainGroup = 76A89BF1202072D100C23579;
			productRefGroup = 76A89BFC202072D100C23579 /* Products */;
			projectDirPath = "";
			projectRoot = "";
			targets = (
				76A89BFA202072D100C23579 /* ExposurePlayback */,
				76A89C03202072D100C23579 /* ExposurePlaybackTests */,
			);
		};
/* End PBXProject section */

/* Begin PBXResourcesBuildPhase section */
		76A89BF9202072D100C23579 /* Resources */ = {
			isa = PBXResourcesBuildPhase;
			buildActionMask = 2147483647;
			files = (
				76A89C2B20207A1600C23579 /* simple-player.md in Resources */,
			);
			runOnlyForDeploymentPostprocessing = 0;
		};
		76A89C02202072D100C23579 /* Resources */ = {
			isa = PBXResourcesBuildPhase;
			buildActionMask = 2147483647;
			files = (
			);
			runOnlyForDeploymentPostprocessing = 0;
		};
/* End PBXResourcesBuildPhase section */

/* Begin PBXSourcesBuildPhase section */
		76A89BF6202072D100C23579 /* Sources */ = {
			isa = PBXSourcesBuildPhase;
			buildActionMask = 2147483647;
			files = (
				76A89C4E20207AB200C23579 /* ExposureStreamFairplayRequester.swift in Sources */,
				76A89D992020F41F00C23579 /* Paused.swift in Sources */,
				76A89C5020207AB200C23579 /* ChannelPlayable.swift in Sources */,
				7635AECD202AE0D2001512BF /* ContextStartTime.swift in Sources */,
				76A89C4D20207AB200C23579 /* ExposureContext.swift in Sources */,
				7635AEC5202ADFDE001512BF /* CMTime+Extensions.swift in Sources */,
				76A89D9F2020F41F00C23579 /* ScrubbedTo.swift in Sources */,
				7635AEC9202AE0A2001512BF /* ContextTimeSeekable.swift in Sources */,
				76A89D8C2020F41F00C23579 /* Completed.swift in Sources */,
				76A89D962020F41F00C23579 /* HandshakeStarted.swift in Sources */,
				76A89C4820207AB200C23579 /* HLSNative+ExposureContext+Program.swift in Sources */,
				76A89D9C2020F41F00C23579 /* PlayReady.swift in Sources */,
				76A89C4A20207AB200C23579 /* HLSNative+ExposureContext+ServerTime.swift in Sources */,
				76A89D8B2020F41F00C23579 /* BufferingStopped.swift in Sources */,
				76A89C4F20207AB200C23579 /* AssetPlayable.swift in Sources */,
				76A89C5A20207AB200C23579 /* ServerTimeProvider.swift in Sources */,
				76A89D682020F3CF00C23579 /* ExposureAnalytics.swift in Sources */,
				76A89DA52020F9E800C23579 /* ExposureContext+Warning.swift in Sources */,
				76A89D982020F41F00C23579 /* InitCompleted.swift in Sources */,
				76A89C5220207AB200C23579 /* PlaybackProperties.swift in Sources */,
				76A89C5120207AB200C23579 /* ProgramPlayable.swift in Sources */,
				76A89D9A2020F41F00C23579 /* Playback.swift in Sources */,
				76A89C5920207AB200C23579 /* ProgramService.swift in Sources */,
				76A89C4720207AB200C23579 /* HLSNative+ExposureContext+Playback.swift in Sources */,
				76A89D8D2020F41F00C23579 /* Created.swift in Sources */,
				76A89C6320207B2400C23579 /* ExposureStreamingAnalyticsProvider.swift in Sources */,
				76A89D662020F36400C23579 /* UIDevice+Extensions.swift in Sources */,
				76A89D972020F41F00C23579 /* Heartbeat.swift in Sources */,
				76A89C5320207AB200C23579 /* AssetSource.swift in Sources */,
				76A89C5820207AB200C23579 /* MonotonicTimeService.swift in Sources */,
				76A89C4B20207AB200C23579 /* HLSNative+ExposureContext+Timeshift.swift in Sources */,
				76A89D882020F41F00C23579 /* AssetIdentifier.swift in Sources */,
				76A89D9B2020F41F00C23579 /* PlaybackOffset.swift in Sources */,
				76A89D862020F41F00C23579 /* Aborted.swift in Sources */,
				76A89C5520207AB200C23579 /* ExposureSource.swift in Sources */,
				76A89C5720207AB200C23579 /* ContractRestrictionsService.swift in Sources */,
				76A89C4C20207AB200C23579 /* HLSNative+HeartbeatsProvider.swift in Sources */,
				76A89D8E2020F41F00C23579 /* DeviceInfo.swift in Sources */,
				76A89DA32020F9A300C23579 /* ExposureContext+Error.swift in Sources */,
				76A89C4620207AB200C23579 /* HLSNative+ExposureContext+Creation.swift in Sources */,
				7635AEC7202AE07E001512BF /* ContextGoLive.swift in Sources */,
				7635AEBF2029AF94001512BF /* Int64+Extensions.swift in Sources */,
				76A89C5420207AB200C23579 /* ChannelSource.swift in Sources */,
				76A89C4920207AB200C23579 /* HLSNative+ExposureContext+Seek.swift in Sources */,
				76A89D8A2020F41F00C23579 /* BufferingStarted.swift in Sources */,
				76A89D9E2020F41F00C23579 /* Resumed.swift in Sources */,
				76A89C6220207B2400C23579 /* ExposureFairplayRequester.swift in Sources */,
				76A89D9D2020F41F00C23579 /* ProgramChanged.swift in Sources */,
				76A89C5620207AB200C23579 /* ProgramSource.swift in Sources */,
				76A89D892020F41F00C23579 /* BitrateChanged.swift in Sources */,
				76A89DA02020F41F00C23579 /* StartCasting.swift in Sources */,
				7635AECB202AE0B2001512BF /* ContextPositionSeekable.swift in Sources */,
				7635AEC3202ADF6E001512BF /* HLSNative+ExposureContext+Entitlements.swift in Sources */,
				76A89C6520207B2400C23579 /* Playable.swift in Sources */,
				76A89D952020F41F00C23579 /* Error.swift in Sources */,
				76A89DA12020F41F00C23579 /* Started.swift in Sources */,
			);
			runOnlyForDeploymentPostprocessing = 0;
		};
		76A89C00202072D100C23579 /* Sources */ = {
			isa = PBXSourcesBuildPhase;
			buildActionMask = 2147483647;
			files = (
				76DE495D20331616006801B4 /* ProgramSource+StaticManifest+SeekToTime.swift in Sources */,
				76D5C9DE20304C1E0056BFF8 /* MockedAVPlayer.swift in Sources */,
				7636CAA52032E61500F914D1 /* SeekToTimeEnv.swift in Sources */,
				76A89DE92021CCC000C23579 /* DeviceInfoSpec.swift in Sources */,
				76A89DF52021CCC000C23579 /* PlayReadySpec.swift in Sources */,
				76A89DE32021CCC000C23579 /* AbortedSpec.swift in Sources */,
				76A89DF92021CCC000C23579 /* StartCastingSpec.swift in Sources */,
				76A89D0920209E7400C23579 /* AssetSourceSpec+StartTime.swift in Sources */,
				76D5C9E22030559D0056BFF8 /* Program+Extensions.swift in Sources */,
				76A89D0420209A2700C23579 /* JsonDecoding.swift in Sources */,
				7636CAA72032E63E00F914D1 /* Date+Extensions.swift in Sources */,
				76A89DF32021CCC000C23579 /* InitCompletedSpec.swift in Sources */,
				76CD5AF2202DBD4F00941ABC /* ChannelPlayableSpec.swift in Sources */,
				76A89DF12021CCC000C23579 /* HandshakeStartedSpec.swift in Sources */,
				76A89DF62021CCC000C23579 /* ProgramChangedSpec.swift in Sources */,
				76D5C9E020304EBA0056BFF8 /* PlaybackEntitlement+Extensions.swift in Sources */,
				76A89DF02021CCC000C23579 /* ErrorSpec.swift in Sources */,
				7624D5FA20344BE300CD1835 /* ChannelSource+SeekToLive.swift in Sources */,
				76DE495B2033041B006801B4 /* MockedExposureAnalytics.swift in Sources */,
				76D5C9E4203199DF0056BFF8 /* EntitlementValidation+Extensions.swift in Sources */,
				76CD5AF0202DA57000941ABC /* AssetPlayableSpec.swift in Sources */,
				76A89DF72021CCC000C23579 /* ResumedSpec.swift in Sources */,
				7636CAA12032E5E200F914D1 /* ProgramSource+DynamicManifest+SeekToTime.swift in Sources */,
				7636CA9E2031DB9A00F914D1 /* ServerTime+Extensions.swift in Sources */,
				76A89DE52021CCC000C23579 /* BufferingStartedSpec.swift in Sources */,
				76A89CF62020958000C23579 /* MonotonicTimeServiceSpec.swift in Sources */,
				76A89DE62021CCC000C23579 /* BufferingStoppedSpec.swift in Sources */,
				76A89DE72021CCC000C23579 /* CompletedSpec.swift in Sources */,
				76A89D0B20209E7400C23579 /* ProgramSource+StartTime.swift in Sources */,
				7636CAA32032E5F200F914D1 /* SeekToTimeProvider.swift in Sources */,
				76A89DF82021CCC000C23579 /* ScrubbedToSpec.swift in Sources */,
				76A89DF22021CCC000C23579 /* HeartbeatSpec.swift in Sources */,
				76A89DFA2021CCC000C23579 /* StartedSpec.swift in Sources */,
				76D5C9DC202DC9490056BFF8 /* ChannelSource+SeekToTime.swift in Sources */,
				76D38E6820334420000400A8 /* ProgramSource+StaticManifest+SeekToLive.swift in Sources */,
				76CD5AF4202DBF2300941ABC /* ProgramPlayableSpec.swift in Sources */,
				76B2F6A520343BE400183842 /* ProgramSource+DynamicManifest+SeekToLive.swift in Sources */,
				76A89DF42021CCC000C23579 /* PausedSpec.swift in Sources */,
				76A89CF72020958000C23579 /* ProgramServiceSpec.swift in Sources */,
				76A89CF82020958000C23579 /* ContractRestrictionsServiceSpec.swift in Sources */,
				76A89D0A20209E7400C23579 /* ChannelSourceSpec+StartTime.swift in Sources */,
				76A89DE42021CCC000C23579 /* BitrateChangedSpec.swift in Sources */,
				76A89DE82021CCC000C23579 /* CreatedSpec.swift in Sources */,
			);
			runOnlyForDeploymentPostprocessing = 0;
		};
/* End PBXSourcesBuildPhase section */

/* Begin PBXTargetDependency section */
		76A89C07202072D100C23579 /* PBXTargetDependency */ = {
			isa = PBXTargetDependency;
			target = 76A89BFA202072D100C23579 /* ExposurePlayback */;
			targetProxy = 76A89C06202072D100C23579 /* PBXContainerItemProxy */;
		};
/* End PBXTargetDependency section */

/* Begin XCBuildConfiguration section */
		76A89C0D202072D100C23579 /* Debug */ = {
			isa = XCBuildConfiguration;
			buildSettings = {
				ALWAYS_SEARCH_USER_PATHS = NO;
				CLANG_ANALYZER_NONNULL = YES;
				CLANG_ANALYZER_NUMBER_OBJECT_CONVERSION = YES_AGGRESSIVE;
				CLANG_CXX_LANGUAGE_STANDARD = "gnu++14";
				CLANG_CXX_LIBRARY = "libc++";
				CLANG_ENABLE_MODULES = YES;
				CLANG_ENABLE_OBJC_ARC = YES;
				CLANG_WARN_BLOCK_CAPTURE_AUTORELEASING = YES;
				CLANG_WARN_BOOL_CONVERSION = YES;
				CLANG_WARN_COMMA = YES;
				CLANG_WARN_CONSTANT_CONVERSION = YES;
				CLANG_WARN_DIRECT_OBJC_ISA_USAGE = YES_ERROR;
				CLANG_WARN_DOCUMENTATION_COMMENTS = YES;
				CLANG_WARN_EMPTY_BODY = YES;
				CLANG_WARN_ENUM_CONVERSION = YES;
				CLANG_WARN_INFINITE_RECURSION = YES;
				CLANG_WARN_INT_CONVERSION = YES;
				CLANG_WARN_NON_LITERAL_NULL_CONVERSION = YES;
				CLANG_WARN_OBJC_LITERAL_CONVERSION = YES;
				CLANG_WARN_OBJC_ROOT_CLASS = YES_ERROR;
				CLANG_WARN_RANGE_LOOP_ANALYSIS = YES;
				CLANG_WARN_STRICT_PROTOTYPES = YES;
				CLANG_WARN_SUSPICIOUS_MOVE = YES;
				CLANG_WARN_UNGUARDED_AVAILABILITY = YES_AGGRESSIVE;
				CLANG_WARN_UNREACHABLE_CODE = YES;
				CLANG_WARN__DUPLICATE_METHOD_MATCH = YES;
				CODE_SIGN_IDENTITY = "iPhone Developer";
				COPY_PHASE_STRIP = NO;
				CURRENT_PROJECT_VERSION = 22;
				DEBUG_INFORMATION_FORMAT = dwarf;
				ENABLE_STRICT_OBJC_MSGSEND = YES;
				ENABLE_TESTABILITY = YES;
				GCC_C_LANGUAGE_STANDARD = gnu11;
				GCC_DYNAMIC_NO_PIC = NO;
				GCC_NO_COMMON_BLOCKS = YES;
				GCC_OPTIMIZATION_LEVEL = 0;
				GCC_PREPROCESSOR_DEFINITIONS = (
					"DEBUG=1",
					"$(inherited)",
				);
				GCC_WARN_64_TO_32_BIT_CONVERSION = YES;
				GCC_WARN_ABOUT_RETURN_TYPE = YES_ERROR;
				GCC_WARN_UNDECLARED_SELECTOR = YES;
				GCC_WARN_UNINITIALIZED_AUTOS = YES_AGGRESSIVE;
				GCC_WARN_UNUSED_FUNCTION = YES;
				GCC_WARN_UNUSED_VARIABLE = YES;
				IPHONEOS_DEPLOYMENT_TARGET = 11.2;
				MTL_ENABLE_DEBUG_INFO = YES;
				ONLY_ACTIVE_ARCH = YES;
				SDKROOT = iphoneos;
				SWIFT_ACTIVE_COMPILATION_CONDITIONS = DEBUG;
				SWIFT_OPTIMIZATION_LEVEL = "-Onone";
				VERSIONING_SYSTEM = "apple-generic";
				VERSION_INFO_PREFIX = "";
			};
			name = Debug;
		};
		76A89C0E202072D100C23579 /* Release */ = {
			isa = XCBuildConfiguration;
			buildSettings = {
				ALWAYS_SEARCH_USER_PATHS = NO;
				CLANG_ANALYZER_NONNULL = YES;
				CLANG_ANALYZER_NUMBER_OBJECT_CONVERSION = YES_AGGRESSIVE;
				CLANG_CXX_LANGUAGE_STANDARD = "gnu++14";
				CLANG_CXX_LIBRARY = "libc++";
				CLANG_ENABLE_MODULES = YES;
				CLANG_ENABLE_OBJC_ARC = YES;
				CLANG_WARN_BLOCK_CAPTURE_AUTORELEASING = YES;
				CLANG_WARN_BOOL_CONVERSION = YES;
				CLANG_WARN_COMMA = YES;
				CLANG_WARN_CONSTANT_CONVERSION = YES;
				CLANG_WARN_DIRECT_OBJC_ISA_USAGE = YES_ERROR;
				CLANG_WARN_DOCUMENTATION_COMMENTS = YES;
				CLANG_WARN_EMPTY_BODY = YES;
				CLANG_WARN_ENUM_CONVERSION = YES;
				CLANG_WARN_INFINITE_RECURSION = YES;
				CLANG_WARN_INT_CONVERSION = YES;
				CLANG_WARN_NON_LITERAL_NULL_CONVERSION = YES;
				CLANG_WARN_OBJC_LITERAL_CONVERSION = YES;
				CLANG_WARN_OBJC_ROOT_CLASS = YES_ERROR;
				CLANG_WARN_RANGE_LOOP_ANALYSIS = YES;
				CLANG_WARN_STRICT_PROTOTYPES = YES;
				CLANG_WARN_SUSPICIOUS_MOVE = YES;
				CLANG_WARN_UNGUARDED_AVAILABILITY = YES_AGGRESSIVE;
				CLANG_WARN_UNREACHABLE_CODE = YES;
				CLANG_WARN__DUPLICATE_METHOD_MATCH = YES;
				CODE_SIGN_IDENTITY = "iPhone Developer";
				COPY_PHASE_STRIP = NO;
				CURRENT_PROJECT_VERSION = 22;
				DEBUG_INFORMATION_FORMAT = "dwarf-with-dsym";
				ENABLE_NS_ASSERTIONS = NO;
				ENABLE_STRICT_OBJC_MSGSEND = YES;
				GCC_C_LANGUAGE_STANDARD = gnu11;
				GCC_NO_COMMON_BLOCKS = YES;
				GCC_WARN_64_TO_32_BIT_CONVERSION = YES;
				GCC_WARN_ABOUT_RETURN_TYPE = YES_ERROR;
				GCC_WARN_UNDECLARED_SELECTOR = YES;
				GCC_WARN_UNINITIALIZED_AUTOS = YES_AGGRESSIVE;
				GCC_WARN_UNUSED_FUNCTION = YES;
				GCC_WARN_UNUSED_VARIABLE = YES;
				IPHONEOS_DEPLOYMENT_TARGET = 11.2;
				MTL_ENABLE_DEBUG_INFO = NO;
				SDKROOT = iphoneos;
				SWIFT_OPTIMIZATION_LEVEL = "-Owholemodule";
				VALIDATE_PRODUCT = YES;
				VERSIONING_SYSTEM = "apple-generic";
				VERSION_INFO_PREFIX = "";
			};
			name = Release;
		};
		76A89C10202072D100C23579 /* Debug */ = {
			isa = XCBuildConfiguration;
			buildSettings = {
				CODE_SIGN_IDENTITY = "";
				CODE_SIGN_STYLE = Automatic;
				DEFINES_MODULE = YES;
				DEVELOPMENT_TEAM = JCUPRVKEC5;
				DYLIB_COMPATIBILITY_VERSION = 1;
				DYLIB_CURRENT_VERSION = 22;
				DYLIB_INSTALL_NAME_BASE = "@rpath";
				INFOPLIST_FILE = ExposurePlayback/Info.plist;
				INSTALL_PATH = "$(LOCAL_LIBRARY_DIR)/Frameworks";
				IPHONEOS_DEPLOYMENT_TARGET = 9.0;
				LD_RUNPATH_SEARCH_PATHS = "$(inherited) @executable_path/Frameworks @loader_path/Frameworks";
				PRODUCT_BUNDLE_IDENTIFIER = com.emp.ExposurePlayback;
				PRODUCT_NAME = "$(TARGET_NAME:c99extidentifier)";
				SKIP_INSTALL = YES;
				SWIFT_VERSION = 4.0;
				TARGETED_DEVICE_FAMILY = "1,2";
			};
			name = Debug;
		};
		76A89C11202072D100C23579 /* Release */ = {
			isa = XCBuildConfiguration;
			buildSettings = {
				CODE_SIGN_IDENTITY = "";
				CODE_SIGN_STYLE = Automatic;
				DEFINES_MODULE = YES;
				DEVELOPMENT_TEAM = JCUPRVKEC5;
				DYLIB_COMPATIBILITY_VERSION = 1;
				DYLIB_CURRENT_VERSION = 22;
				DYLIB_INSTALL_NAME_BASE = "@rpath";
				INFOPLIST_FILE = ExposurePlayback/Info.plist;
				INSTALL_PATH = "$(LOCAL_LIBRARY_DIR)/Frameworks";
				IPHONEOS_DEPLOYMENT_TARGET = 9.0;
				LD_RUNPATH_SEARCH_PATHS = "$(inherited) @executable_path/Frameworks @loader_path/Frameworks";
				PRODUCT_BUNDLE_IDENTIFIER = com.emp.ExposurePlayback;
				PRODUCT_NAME = "$(TARGET_NAME:c99extidentifier)";
				SKIP_INSTALL = YES;
				SWIFT_VERSION = 4.0;
				TARGETED_DEVICE_FAMILY = "1,2";
			};
			name = Release;
		};
		76A89C13202072D100C23579 /* Debug */ = {
			isa = XCBuildConfiguration;
			buildSettings = {
				ALWAYS_EMBED_SWIFT_STANDARD_LIBRARIES = YES;
				CLANG_ENABLE_MODULES = YES;
				CODE_SIGN_STYLE = Automatic;
				DEVELOPMENT_TEAM = JCUPRVKEC5;
				INFOPLIST_FILE = ExposurePlaybackTests/Info.plist;
				LD_RUNPATH_SEARCH_PATHS = "$(inherited) @executable_path/Frameworks @loader_path/Frameworks";
				PRODUCT_BUNDLE_IDENTIFIER = com.emp.ExposurePlaybackTests;
				PRODUCT_NAME = "$(TARGET_NAME)";
				SWIFT_OPTIMIZATION_LEVEL = "-Onone";
				SWIFT_VERSION = 4.0;
				TARGETED_DEVICE_FAMILY = "1,2";
			};
			name = Debug;
		};
		76A89C14202072D100C23579 /* Release */ = {
			isa = XCBuildConfiguration;
			buildSettings = {
				ALWAYS_EMBED_SWIFT_STANDARD_LIBRARIES = YES;
				CLANG_ENABLE_MODULES = YES;
				CODE_SIGN_STYLE = Automatic;
				DEVELOPMENT_TEAM = JCUPRVKEC5;
				INFOPLIST_FILE = ExposurePlaybackTests/Info.plist;
				LD_RUNPATH_SEARCH_PATHS = "$(inherited) @executable_path/Frameworks @loader_path/Frameworks";
				PRODUCT_BUNDLE_IDENTIFIER = com.emp.ExposurePlaybackTests;
				PRODUCT_NAME = "$(TARGET_NAME)";
				SWIFT_VERSION = 4.0;
				TARGETED_DEVICE_FAMILY = "1,2";
			};
			name = Release;
		};
/* End XCBuildConfiguration section */

/* Begin XCConfigurationList section */
		76A89BF5202072D100C23579 /* Build configuration list for PBXProject "ExposurePlayback" */ = {
			isa = XCConfigurationList;
			buildConfigurations = (
				76A89C0D202072D100C23579 /* Debug */,
				76A89C0E202072D100C23579 /* Release */,
			);
			defaultConfigurationIsVisible = 0;
			defaultConfigurationName = Release;
		};
		76A89C0F202072D100C23579 /* Build configuration list for PBXNativeTarget "ExposurePlayback" */ = {
			isa = XCConfigurationList;
			buildConfigurations = (
				76A89C10202072D100C23579 /* Debug */,
				76A89C11202072D100C23579 /* Release */,
			);
			defaultConfigurationIsVisible = 0;
			defaultConfigurationName = Release;
		};
		76A89C12202072D100C23579 /* Build configuration list for PBXNativeTarget "ExposurePlaybackTests" */ = {
			isa = XCConfigurationList;
			buildConfigurations = (
				76A89C13202072D100C23579 /* Debug */,
				76A89C14202072D100C23579 /* Release */,
			);
			defaultConfigurationIsVisible = 0;
			defaultConfigurationName = Release;
		};
/* End XCConfigurationList section */
	};
	rootObject = 76A89BF2202072D100C23579 /* Project object */;
}
